// !$*UTF8*$!
{
	archiveVersion = 1;
	classes = {
	};
	objectVersion = 50;
	objects = {

/* Begin PBXBuildFile section */
		4C5AF55125BE8FFD00869953 /* resultAlert.swift in Sources */ = {isa = PBXBuildFile; fileRef = 4C5AF55025BE8FFD00869953 /* resultAlert.swift */; };
		4C74FC4E25B1D8310061532E /* KeyboardHelpers.swift in Sources */ = {isa = PBXBuildFile; fileRef = 4C74FC4D25B1D8310061532E /* KeyboardHelpers.swift */; };
		4CB439F625BEC9AB00CACDE7 /* resultEnum.swift in Sources */ = {isa = PBXBuildFile; fileRef = 4CB439F525BEC9AB00CACDE7 /* resultEnum.swift */; };
		4CBA90FA25BC1FC200904F7E /* launcScreen.swift in Sources */ = {isa = PBXBuildFile; fileRef = 4CBA90F925BC1FC100904F7E /* launcScreen.swift */; };
		4CDA12EA25B16A0F002F0F02 /* AppDelegate.swift in Sources */ = {isa = PBXBuildFile; fileRef = 4CDA12E925B16A0F002F0F02 /* AppDelegate.swift */; };
		4CDA12EC25B16A0F002F0F02 /* SceneDelegate.swift in Sources */ = {isa = PBXBuildFile; fileRef = 4CDA12EB25B16A0F002F0F02 /* SceneDelegate.swift */; };
		4CDA12EE25B16A0F002F0F02 /* ViewController.swift in Sources */ = {isa = PBXBuildFile; fileRef = 4CDA12ED25B16A0F002F0F02 /* ViewController.swift */; };
		4CDA12F125B16A0F002F0F02 /* Main.storyboard in Resources */ = {isa = PBXBuildFile; fileRef = 4CDA12EF25B16A0F002F0F02 /* Main.storyboard */; };
		4CDA12F425B16A0F002F0F02 /* notesData.xcdatamodeld in Sources */ = {isa = PBXBuildFile; fileRef = 4CDA12F225B16A0F002F0F02 /* notesData.xcdatamodeld */; };
		4CDA12F625B16A11002F0F02 /* Assets.xcassets in Resources */ = {isa = PBXBuildFile; fileRef = 4CDA12F525B16A11002F0F02 /* Assets.xcassets */; };
		4CDA12F925B16A11002F0F02 /* LaunchScreen.storyboard in Resources */ = {isa = PBXBuildFile; fileRef = 4CDA12F725B16A11002F0F02 /* LaunchScreen.storyboard */; };
		4CDA130325B16A34002F0F02 /* CoreData.framework in Frameworks */ = {isa = PBXBuildFile; fileRef = 4CDA130225B16A34002F0F02 /* CoreData.framework */; };
		4CDA130625B16A92002F0F02 /* Notedata+CoreDataClass.swift in Sources */ = {isa = PBXBuildFile; fileRef = 4CDA130425B16A92002F0F02 /* Notedata+CoreDataClass.swift */; };
		4CDA130725B16A92002F0F02 /* Notedata+CoreDataProperties.swift in Sources */ = {isa = PBXBuildFile; fileRef = 4CDA130525B16A92002F0F02 /* Notedata+CoreDataProperties.swift */; };
		4CDA130A25B16B33002F0F02 /* entryDataVc.swift in Sources */ = {isa = PBXBuildFile; fileRef = 4CDA130925B16B33002F0F02 /* entryDataVc.swift */; };
		4CDA130E25B16B6F002F0F02 /* detailVc.swift in Sources */ = {isa = PBXBuildFile; fileRef = 4CDA130D25B16B6F002F0F02 /* detailVc.swift */; };
		4CDA131225B16DFB002F0F02 /* dataCell.swift in Sources */ = {isa = PBXBuildFile; fileRef = 4CDA131025B16DFB002F0F02 /* dataCell.swift */; };
		4CDA131325B16DFB002F0F02 /* dataCell.xib in Resources */ = {isa = PBXBuildFile; fileRef = 4CDA131125B16DFB002F0F02 /* dataCell.xib */; };
/* End PBXBuildFile section */

/* Begin PBXFileReference section */
		4C5AF55025BE8FFD00869953 /* resultAlert.swift */ = {isa = PBXFileReference; lastKnownFileType = sourcecode.swift; path = resultAlert.swift; sourceTree = "<group>"; };
		4C74FC4D25B1D8310061532E /* KeyboardHelpers.swift */ = {isa = PBXFileReference; lastKnownFileType = sourcecode.swift; path = KeyboardHelpers.swift; sourceTree = "<group>"; };
		4CB439F525BEC9AB00CACDE7 /* resultEnum.swift */ = {isa = PBXFileReference; lastKnownFileType = sourcecode.swift; path = resultEnum.swift; sourceTree = "<group>"; };
		4CBA90F925BC1FC100904F7E /* launcScreen.swift */ = {isa = PBXFileReference; fileEncoding = 4; lastKnownFileType = sourcecode.swift; path = launcScreen.swift; sourceTree = "<group>"; };
		4CDA12E625B16A0F002F0F02 /* notesData.app */ = {isa = PBXFileReference; explicitFileType = wrapper.application; includeInIndex = 0; path = notesData.app; sourceTree = BUILT_PRODUCTS_DIR; };
		4CDA12E925B16A0F002F0F02 /* AppDelegate.swift */ = {isa = PBXFileReference; lastKnownFileType = sourcecode.swift; path = AppDelegate.swift; sourceTree = "<group>"; };
		4CDA12EB25B16A0F002F0F02 /* SceneDelegate.swift */ = {isa = PBXFileReference; lastKnownFileType = sourcecode.swift; path = SceneDelegate.swift; sourceTree = "<group>"; };
		4CDA12ED25B16A0F002F0F02 /* ViewController.swift */ = {isa = PBXFileReference; lastKnownFileType = sourcecode.swift; path = ViewController.swift; sourceTree = "<group>"; };
		4CDA12F025B16A0F002F0F02 /* Base */ = {isa = PBXFileReference; lastKnownFileType = file.storyboard; name = Base; path = Base.lproj/Main.storyboard; sourceTree = "<group>"; };
		4CDA12F325B16A0F002F0F02 /* notesData.xcdatamodel */ = {isa = PBXFileReference; lastKnownFileType = wrapper.xcdatamodel; path = notesData.xcdatamodel; sourceTree = "<group>"; };
		4CDA12F525B16A11002F0F02 /* Assets.xcassets */ = {isa = PBXFileReference; lastKnownFileType = folder.assetcatalog; path = Assets.xcassets; sourceTree = "<group>"; };
		4CDA12F825B16A11002F0F02 /* Base */ = {isa = PBXFileReference; lastKnownFileType = file.storyboard; name = Base; path = Base.lproj/LaunchScreen.storyboard; sourceTree = "<group>"; };
		4CDA12FA25B16A11002F0F02 /* Info.plist */ = {isa = PBXFileReference; lastKnownFileType = text.plist.xml; path = Info.plist; sourceTree = "<group>"; };
		4CDA130225B16A34002F0F02 /* CoreData.framework */ = {isa = PBXFileReference; lastKnownFileType = wrapper.framework; name = CoreData.framework; path = System/Library/Frameworks/CoreData.framework; sourceTree = SDKROOT; };
		4CDA130425B16A92002F0F02 /* Notedata+CoreDataClass.swift */ = {isa = PBXFileReference; lastKnownFileType = sourcecode.swift; path = "Notedata+CoreDataClass.swift"; sourceTree = "<group>"; };
		4CDA130525B16A92002F0F02 /* Notedata+CoreDataProperties.swift */ = {isa = PBXFileReference; lastKnownFileType = sourcecode.swift; path = "Notedata+CoreDataProperties.swift"; sourceTree = "<group>"; };
		4CDA130925B16B33002F0F02 /* entryDataVc.swift */ = {isa = PBXFileReference; lastKnownFileType = sourcecode.swift; path = entryDataVc.swift; sourceTree = "<group>"; };
		4CDA130D25B16B6F002F0F02 /* detailVc.swift */ = {isa = PBXFileReference; lastKnownFileType = sourcecode.swift; path = detailVc.swift; sourceTree = "<group>"; };
		4CDA131025B16DFB002F0F02 /* dataCell.swift */ = {isa = PBXFileReference; lastKnownFileType = sourcecode.swift; path = dataCell.swift; sourceTree = "<group>"; };
		4CDA131125B16DFB002F0F02 /* dataCell.xib */ = {isa = PBXFileReference; lastKnownFileType = file.xib; path = dataCell.xib; sourceTree = "<group>"; };
/* End PBXFileReference section */

/* Begin PBXFrameworksBuildPhase section */
		4CDA12E325B16A0F002F0F02 /* Frameworks */ = {
			isa = PBXFrameworksBuildPhase;
			buildActionMask = 2147483647;
			files = (
				4CDA130325B16A34002F0F02 /* CoreData.framework in Frameworks */,
			);
			runOnlyForDeploymentPostprocessing = 0;
		};
/* End PBXFrameworksBuildPhase section */

/* Begin PBXGroup section */
		4C74FC5125B1D8C60061532E /* Helpers */ = {
			isa = PBXGroup;
			children = (
				4C74FC4D25B1D8310061532E /* KeyboardHelpers.swift */,
				4C5AF55025BE8FFD00869953 /* resultAlert.swift */,
				4CB439F525BEC9AB00CACDE7 /* resultEnum.swift */,
			);
			path = Helpers;
			sourceTree = "<group>";
		};
		4C74FC5325B1D8E30061532E /* dataCell */ = {
			isa = PBXGroup;
			children = (
				4CDA131025B16DFB002F0F02 /* dataCell.swift */,
				4CDA131125B16DFB002F0F02 /* dataCell.xib */,
			);
			path = dataCell;
			sourceTree = "<group>";
		};
		4C74FC5525B1D8F80061532E /* CoredataFiles */ = {
			isa = PBXGroup;
			children = (
				4CDA130425B16A92002F0F02 /* Notedata+CoreDataClass.swift */,
				4CDA130525B16A92002F0F02 /* Notedata+CoreDataProperties.swift */,
			);
			path = CoredataFiles;
			sourceTree = "<group>";
		};
		4C74FC5725B1D90F0061532E /* Controllers */ = {
			isa = PBXGroup;
			children = (
				4CBA90F925BC1FC100904F7E /* launcScreen.swift */,
				4CDA12ED25B16A0F002F0F02 /* ViewController.swift */,
				4CDA130925B16B33002F0F02 /* entryDataVc.swift */,
				4CDA130D25B16B6F002F0F02 /* detailVc.swift */,
			);
			path = Controllers;
			sourceTree = "<group>";
		};
		4CDA12DD25B16A0F002F0F02 = {
			isa = PBXGroup;
			children = (
				4CDA12E825B16A0F002F0F02 /* notesData */,
				4CDA12E725B16A0F002F0F02 /* Products */,
				4CDA130125B16A34002F0F02 /* Frameworks */,
			);
			sourceTree = "<group>";
		};
		4CDA12E725B16A0F002F0F02 /* Products */ = {
			isa = PBXGroup;
			children = (
				4CDA12E625B16A0F002F0F02 /* notesData.app */,
			);
			name = Products;
			sourceTree = "<group>";
		};
		4CDA12E825B16A0F002F0F02 /* notesData */ = {
			isa = PBXGroup;
			children = (
				4CDA12E925B16A0F002F0F02 /* AppDelegate.swift */,
				4CDA12EB25B16A0F002F0F02 /* SceneDelegate.swift */,
				4C74FC5525B1D8F80061532E /* CoredataFiles */,
				4C74FC5125B1D8C60061532E /* Helpers */,
				4C74FC5725B1D90F0061532E /* Controllers */,
				4C74FC5325B1D8E30061532E /* dataCell */,
				4CDA12EF25B16A0F002F0F02 /* Main.storyboard */,
				4CDA12F525B16A11002F0F02 /* Assets.xcassets */,
				4CDA12F725B16A11002F0F02 /* LaunchScreen.storyboard */,
				4CDA12FA25B16A11002F0F02 /* Info.plist */,
				4CDA12F225B16A0F002F0F02 /* notesData.xcdatamodeld */,
			);
			path = notesData;
			sourceTree = "<group>";
		};
		4CDA130125B16A34002F0F02 /* Frameworks */ = {
			isa = PBXGroup;
			children = (
				4CDA130225B16A34002F0F02 /* CoreData.framework */,
			);
			name = Frameworks;
			sourceTree = "<group>";
		};
/* End PBXGroup section */

/* Begin PBXNativeTarget section */
		4CDA12E525B16A0F002F0F02 /* notesData */ = {
			isa = PBXNativeTarget;
			buildConfigurationList = 4CDA12FD25B16A11002F0F02 /* Build configuration list for PBXNativeTarget "notesData" */;
			buildPhases = (
				4CDA12E225B16A0F002F0F02 /* Sources */,
				4CDA12E325B16A0F002F0F02 /* Frameworks */,
				4CDA12E425B16A0F002F0F02 /* Resources */,
			);
			buildRules = (
			);
			dependencies = (
			);
			name = notesData;
			productName = notesData;
			productReference = 4CDA12E625B16A0F002F0F02 /* notesData.app */;
			productType = "com.apple.product-type.application";
		};
/* End PBXNativeTarget section */

/* Begin PBXProject section */
		4CDA12DE25B16A0F002F0F02 /* Project object */ = {
			isa = PBXProject;
			attributes = {
				LastSwiftUpdateCheck = 1230;
				LastUpgradeCheck = 1230;
				TargetAttributes = {
					4CDA12E525B16A0F002F0F02 = {
						CreatedOnToolsVersion = 12.3;
					};
				};
			};
			buildConfigurationList = 4CDA12E125B16A0F002F0F02 /* Build configuration list for PBXProject "notesData" */;
			compatibilityVersion = "Xcode 9.3";
			developmentRegion = en;
			hasScannedForEncodings = 0;
			knownRegions = (
				en,
				Base,
			);
			mainGroup = 4CDA12DD25B16A0F002F0F02;
			productRefGroup = 4CDA12E725B16A0F002F0F02 /* Products */;
			projectDirPath = "";
			projectRoot = "";
			targets = (
				4CDA12E525B16A0F002F0F02 /* notesData */,
			);
		};
/* End PBXProject section */

/* Begin PBXResourcesBuildPhase section */
		4CDA12E425B16A0F002F0F02 /* Resources */ = {
			isa = PBXResourcesBuildPhase;
			buildActionMask = 2147483647;
			files = (
				4CDA12F925B16A11002F0F02 /* LaunchScreen.storyboard in Resources */,
				4CDA12F625B16A11002F0F02 /* Assets.xcassets in Resources */,
				4CDA12F125B16A0F002F0F02 /* Main.storyboard in Resources */,
				4CDA131325B16DFB002F0F02 /* dataCell.xib in Resources */,
			);
			runOnlyForDeploymentPostprocessing = 0;
		};
/* End PBXResourcesBuildPhase section */

/* Begin PBXSourcesBuildPhase section */
		4CDA12E225B16A0F002F0F02 /* Sources */ = {
			isa = PBXSourcesBuildPhase;
			buildActionMask = 2147483647;
			files = (
				4CBA90FA25BC1FC200904F7E /* launcScreen.swift in Sources */,
				4C74FC4E25B1D8310061532E /* KeyboardHelpers.swift in Sources */,
				4C5AF55125BE8FFD00869953 /* resultAlert.swift in Sources */,
				4CDA130625B16A92002F0F02 /* Notedata+CoreDataClass.swift in Sources */,
				4CDA130A25B16B33002F0F02 /* entryDataVc.swift in Sources */,
				4CDA12EE25B16A0F002F0F02 /* ViewController.swift in Sources */,
				4CDA12F425B16A0F002F0F02 /* notesData.xcdatamodeld in Sources */,
				4CDA12EA25B16A0F002F0F02 /* AppDelegate.swift in Sources */,
				4CDA130E25B16B6F002F0F02 /* detailVc.swift in Sources */,
				4CDA131225B16DFB002F0F02 /* dataCell.swift in Sources */,
				4CDA12EC25B16A0F002F0F02 /* SceneDelegate.swift in Sources */,
				4CB439F625BEC9AB00CACDE7 /* resultEnum.swift in Sources */,
				4CDA130725B16A92002F0F02 /* Notedata+CoreDataProperties.swift in Sources */,
			);
			runOnlyForDeploymentPostprocessing = 0;
		};
/* End PBXSourcesBuildPhase section */

/* Begin PBXVariantGroup section */
		4CDA12EF25B16A0F002F0F02 /* Main.storyboard */ = {
			isa = PBXVariantGroup;
			children = (
				4CDA12F025B16A0F002F0F02 /* Base */,
			);
			name = Main.storyboard;
			sourceTree = "<group>";
		};
		4CDA12F725B16A11002F0F02 /* LaunchScreen.storyboard */ = {
			isa = PBXVariantGroup;
			children = (
				4CDA12F825B16A11002F0F02 /* Base */,
			);
			name = LaunchScreen.storyboard;
			sourceTree = "<group>";
		};
/* End PBXVariantGroup section */

/* Begin XCBuildConfiguration section */
		4CDA12FB25B16A11002F0F02 /* Debug */ = {
			isa = XCBuildConfiguration;
			buildSettings = {
				ALWAYS_SEARCH_USER_PATHS = NO;
				CLANG_ANALYZER_NONNULL = YES;
				CLANG_ANALYZER_NUMBER_OBJECT_CONVERSION = YES_AGGRESSIVE;
				CLANG_CXX_LANGUAGE_STANDARD = "gnu++14";
				CLANG_CXX_LIBRARY = "libc++";
				CLANG_ENABLE_MODULES = YES;
				CLANG_ENABLE_OBJC_ARC = YES;
				CLANG_ENABLE_OBJC_WEAK = YES;
				CLANG_WARN_BLOCK_CAPTURE_AUTORELEASING = YES;
				CLANG_WARN_BOOL_CONVERSION = YES;
				CLANG_WARN_COMMA = YES;
				CLANG_WARN_CONSTANT_CONVERSION = YES;
				CLANG_WARN_DEPRECATED_OBJC_IMPLEMENTATIONS = YES;
				CLANG_WARN_DIRECT_OBJC_ISA_USAGE = YES_ERROR;
				CLANG_WARN_DOCUMENTATION_COMMENTS = YES;
				CLANG_WARN_EMPTY_BODY = YES;
				CLANG_WARN_ENUM_CONVERSION = YES;
				CLANG_WARN_INFINITE_RECURSION = YES;
				CLANG_WARN_INT_CONVERSION = YES;
				CLANG_WARN_NON_LITERAL_NULL_CONVERSION = YES;
				CLANG_WARN_OBJC_IMPLICIT_RETAIN_SELF = YES;
				CLANG_WARN_OBJC_LITERAL_CONVERSION = YES;
				CLANG_WARN_OBJC_ROOT_CLASS = YES_ERROR;
				CLANG_WARN_QUOTED_INCLUDE_IN_FRAMEWORK_HEADER = YES;
				CLANG_WARN_RANGE_LOOP_ANALYSIS = YES;
				CLANG_WARN_STRICT_PROTOTYPES = YES;
				CLANG_WARN_SUSPICIOUS_MOVE = YES;
				CLANG_WARN_UNGUARDED_AVAILABILITY = YES_AGGRESSIVE;
				CLANG_WARN_UNREACHABLE_CODE = YES;
				CLANG_WARN__DUPLICATE_METHOD_MATCH = YES;
				COPY_PHASE_STRIP = NO;
				DEBUG_INFORMATION_FORMAT = dwarf;
				ENABLE_STRICT_OBJC_MSGSEND = YES;
				ENABLE_TESTABILITY = YES;
				GCC_C_LANGUAGE_STANDARD = gnu11;
				GCC_DYNAMIC_NO_PIC = NO;
				GCC_NO_COMMON_BLOCKS = YES;
				GCC_OPTIMIZATION_LEVEL = 0;
				GCC_PREPROCESSOR_DEFINITIONS = (
					"DEBUG=1",
					"$(inherited)",
				);
				GCC_WARN_64_TO_32_BIT_CONVERSION = YES;
				GCC_WARN_ABOUT_RETURN_TYPE = YES_ERROR;
				GCC_WARN_UNDECLARED_SELECTOR = YES;
				GCC_WARN_UNINITIALIZED_AUTOS = YES_AGGRESSIVE;
				GCC_WARN_UNUSED_FUNCTION = YES;
				GCC_WARN_UNUSED_VARIABLE = YES;
				IPHONEOS_DEPLOYMENT_TARGET = 14.3;
				MTL_ENABLE_DEBUG_INFO = INCLUDE_SOURCE;
				MTL_FAST_MATH = YES;
				ONLY_ACTIVE_ARCH = YES;
				SDKROOT = iphoneos;
				SWIFT_ACTIVE_COMPILATION_CONDITIONS = DEBUG;
				SWIFT_OPTIMIZATION_LEVEL = "-Onone";
			};
			name = Debug;
		};
		4CDA12FC25B16A11002F0F02 /* Release */ = {
			isa = XCBuildConfiguration;
			buildSettings = {
				ALWAYS_SEARCH_USER_PATHS = NO;
				CLANG_ANALYZER_NONNULL = YES;
				CLANG_ANALYZER_NUMBER_OBJECT_CONVERSION = YES_AGGRESSIVE;
				CLANG_CXX_LANGUAGE_STANDARD = "gnu++14";
				CLANG_CXX_LIBRARY = "libc++";
				CLANG_ENABLE_MODULES = YES;
				CLANG_ENABLE_OBJC_ARC = YES;
				CLANG_ENABLE_OBJC_WEAK = YES;
				CLANG_WARN_BLOCK_CAPTURE_AUTORELEASING = YES;
				CLANG_WARN_BOOL_CONVERSION = YES;
				CLANG_WARN_COMMA = YES;
				CLANG_WARN_CONSTANT_CONVERSION = YES;
				CLANG_WARN_DEPRECATED_OBJC_IMPLEMENTATIONS = YES;
				CLANG_WARN_DIRECT_OBJC_ISA_USAGE = YES_ERROR;
				CLANG_WARN_DOCUMENTATION_COMMENTS = YES;
				CLANG_WARN_EMPTY_BODY = YES;
				CLANG_WARN_ENUM_CONVERSION = YES;
				CLANG_WARN_INFINITE_RECURSION = YES;
				CLANG_WARN_INT_CONVERSION = YES;
				CLANG_WARN_NON_LITERAL_NULL_CONVERSION = YES;
				CLANG_WARN_OBJC_IMPLICIT_RETAIN_SELF = YES;
				CLANG_WARN_OBJC_LITERAL_CONVERSION = YES;
				CLANG_WARN_OBJC_ROOT_CLASS = YES_ERROR;
				CLANG_WARN_QUOTED_INCLUDE_IN_FRAMEWORK_HEADER = YES;
				CLANG_WARN_RANGE_LOOP_ANALYSIS = YES;
				CLANG_WARN_STRICT_PROTOTYPES = YES;
				CLANG_WARN_SUSPICIOUS_MOVE = YES;
				CLANG_WARN_UNGUARDED_AVAILABILITY = YES_AGGRESSIVE;
				CLANG_WARN_UNREACHABLE_CODE = YES;
				CLANG_WARN__DUPLICATE_METHOD_MATCH = YES;
				COPY_PHASE_STRIP = NO;
				DEBUG_INFORMATION_FORMAT = "dwarf-with-dsym";
				ENABLE_NS_ASSERTIONS = NO;
				ENABLE_STRICT_OBJC_MSGSEND = YES;
				GCC_C_LANGUAGE_STANDARD = gnu11;
				GCC_NO_COMMON_BLOCKS = YES;
				GCC_WARN_64_TO_32_BIT_CONVERSION = YES;
				GCC_WARN_ABOUT_RETURN_TYPE = YES_ERROR;
				GCC_WARN_UNDECLARED_SELECTOR = YES;
				GCC_WARN_UNINITIALIZED_AUTOS = YES_AGGRESSIVE;
				GCC_WARN_UNUSED_FUNCTION = YES;
				GCC_WARN_UNUSED_VARIABLE = YES;
				IPHONEOS_DEPLOYMENT_TARGET = 14.3;
				MTL_ENABLE_DEBUG_INFO = NO;
				MTL_FAST_MATH = YES;
				SDKROOT = iphoneos;
				SWIFT_COMPILATION_MODE = wholemodule;
				SWIFT_OPTIMIZATION_LEVEL = "-O";
				VALIDATE_PRODUCT = YES;
			};
			name = Release;
		};
		4CDA12FE25B16A11002F0F02 /* Debug */ = {
			isa = XCBuildConfiguration;
			buildSettings = {
				ASSETCATALOG_COMPILER_APPICON_NAME = AppIcon;
				ASSETCATALOG_COMPILER_GLOBAL_ACCENT_COLOR_NAME = AccentColor;
				CODE_SIGN_STYLE = Automatic;
				DEVELOPMENT_TEAM = 5KBLY872RN;
				INFOPLIST_FILE = notesData/Info.plist;
				LD_RUNPATH_SEARCH_PATHS = (
					"$(inherited)",
					"@executable_path/Frameworks",
				);
				PRODUCT_BUNDLE_IDENTIFIER = com.cbn.notesData;
				PRODUCT_NAME = "$(TARGET_NAME)";
				SWIFT_VERSION = 5.0;
				TARGETED_DEVICE_FAMILY = "1,2";
			};
			name = Debug;
		};
		4CDA12FF25B16A11002F0F02 /* Release */ = {
			isa = XCBuildConfiguration;
			buildSettings = {
				ASSETCATALOG_COMPILER_APPICON_NAME = AppIcon;
				ASSETCATALOG_COMPILER_GLOBAL_ACCENT_COLOR_NAME = AccentColor;
				CODE_SIGN_STYLE = Automatic;
				DEVELOPMENT_TEAM = 5KBLY872RN;
				INFOPLIST_FILE = notesData/Info.plist;
				LD_RUNPATH_SEARCH_PATHS = (
					"$(inherited)",
					"@executable_path/Frameworks",
				);
				PRODUCT_BUNDLE_IDENTIFIER = com.cbn.notesData;
				PRODUCT_NAME = "$(TARGET_NAME)";
				SWIFT_VERSION = 5.0;
				TARGETED_DEVICE_FAMILY = "1,2";
			};
			name = Release;
		};
/* End XCBuildConfiguration section */

/* Begin XCConfigurationList section */
		4CDA12E125B16A0F002F0F02 /* Build configuration list for PBXProject "notesData" */ = {
			isa = XCConfigurationList;
			buildConfigurations = (
				4CDA12FB25B16A11002F0F02 /* Debug */,
				4CDA12FC25B16A11002F0F02 /* Release */,
			);
			defaultConfigurationIsVisible = 0;
			defaultConfigurationName = Release;
		};
		4CDA12FD25B16A11002F0F02 /* Build configuration list for PBXNativeTarget "notesData" */ = {
			isa = XCConfigurationList;
			buildConfigurations = (
				4CDA12FE25B16A11002F0F02 /* Debug */,
				4CDA12FF25B16A11002F0F02 /* Release */,
			);
			defaultConfigurationIsVisible = 0;
			defaultConfigurationName = Release;
		};
/* End XCConfigurationList section */

/* Begin XCVersionGroup section */
		4CDA12F225B16A0F002F0F02 /* notesData.xcdatamodeld */ = {
			isa = XCVersionGroup;
			children = (
				4CDA12F325B16A0F002F0F02 /* notesData.xcdatamodel */,
			);
			currentVersion = 4CDA12F325B16A0F002F0F02 /* notesData.xcdatamodel */;
			path = notesData.xcdatamodeld;
			sourceTree = "<group>";
			versionGroupType = wrapper.xcdatamodel;
		};
/* End XCVersionGroup section */
	};
	rootObject = 4CDA12DE25B16A0F002F0F02 /* Project object */;
}
